
Microsoft Visual Studio Solution File, Format Version 12.00
# Visual Studio Version 16
VisualStudioVersion = 16.0.32630.194
MinimumVisualStudioVersion = 10.0.40219.1
Project("{9A19103F-16F7-4668-BE54-9A1E7A4F7556}") = "SelfOrderingKiosk", "SelfOrderingKiosk\SelfOrderingKiosk.csproj", "{1FFE21A5-F1BC-4C27-AE1F-A8B4C1789AFA}"
EndProject
Project("{FAE04EC0-301F-11D3-BF4B-00C04F79EFBC}") = "SelfOrderingKiosk.Gui", "SelfOrderingKiosk.Gui\SelfOrderingKiosk.Gui.csproj", "{26F50B18-9796-40B2-A5C5-42330CEB47BC}"
EndProject
Global
	GlobalSection(SolutionConfigurationPlatforms) = preSolution
		Debug|Any CPU = Debug|Any CPU
		Release|Any CPU = Release|Any CPU
	EndGlobalSection
	GlobalSection(ProjectConfigurationPlatforms) = postSolution
		{1FFE21A5-F1BC-4C27-AE1F-A8B4C1789AFA}.Debug|Any CPU.ActiveCfg = Debug|Any CPU
		{1FFE21A5-F1BC-4C27-AE1F-A8B4C1789AFA}.Debug|Any CPU.Build.0 = Debug|Any CPU
		{1FFE21A5-F1BC-4C27-AE1F-A8B4C1789AFA}.Release|Any CPU.ActiveCfg = Release|Any CPU
		{1FFE21A5-F1BC-4C27-AE1F-A8B4C1789AFA}.Release|Any CPU.Build.0 = Release|Any CPU
		{26F50B18-9796-40B2-A5C5-42330CEB47BC}.Debug|Any CPU.ActiveCfg = Debug|Any CPU
		{26F50B18-9796-40B2-A5C5-42330CEB47BC}.Debug|Any CPU.Build.0 = Debug|Any CPU
		{26F50B18-9796-40B2-A5C5-42330CEB47BC}.Release|Any CPU.ActiveCfg = Release|Any CPU
		{26F50B18-9796-40B2-A5C5-42330CEB47BC}.Release|Any CPU.Build.0 = Release|Any CPU
	EndGlobalSection
	GlobalSection(SolutionProperties) = preSolution
		HideSolutionNode = FALSE
	EndGlobalSection
	GlobalSection(ExtensibilityGlobals) = postSolution
		SolutionGuid = {9D5698E1-CA19-4B75-A1CA-0F6F3F8FD7EE}
	EndGlobalSection
EndGlobal
